<?xml version="1.0" encoding="UTF-8"?>
<Scheme
   LastUpgradeVersion = "0510"
   version = "1.3">
   <BuildAction
      parallelizeBuildables = "YES"
      buildImplicitDependencies = "YES">
      <BuildActionEntries>
         <BuildActionEntry
            buildForTesting = "YES"
            buildForRunning = "YES"
            buildForProfiling = "YES"
            buildForArchiving = "YES"
            buildForAnalyzing = "YES">
            <BuildableReference
               BuildableIdentifier = "primary"
               BlueprintIdentifier = "72CA399B18F437A9001401AB"
               BuildableName = "CountObjects"
               BlueprintName = "CountObjects"
               ReferencedContainer = "container:CountObjects.xcodeproj">
            </BuildableReference>
         </BuildActionEntry>
      </BuildActionEntries>
   </BuildAction>
   <TestAction
      selectedDebuggerIdentifier = "Xcode.DebuggerFoundation.Debugger.LLDB"
      selectedLauncherIdentifier = "Xcode.DebuggerFoundation.Launcher.LLDB"
      shouldUseLaunchSchemeArgsEnv = "YES"
      buildConfiguration = "Debug">
      <Testables>
      </Testables>
      <MacroExpansion>
         <BuildableReference
            BuildableIdentifier = "primary"
            BlueprintIdentifier = "72CA399B18F437A9001401AB"
            BuildableName = "CountObjects"
            BlueprintName = "CountObjects"
            ReferencedContainer = "container:CountObjects.xcodeproj">
         </BuildableReference>
      </MacroExpansion>
   </TestAction>
   <LaunchAction
      selectedDebuggerIdentifier = "Xcode.DebuggerFoundation.Debugger.LLDB"
      selectedLauncherIdentifier = "Xcode.DebuggerFoundation.Launcher.LLDB"
      launchStyle = "0"
      useCustomWorkingDirectory = "NO"
      buildConfiguration = "Debug"
      ignoresPersistentStateOnLaunch = "NO"
      debugDocumentVersioning = "YES"
      allowLocationSimulation = "YES">
      <BuildableProductRunnable>
         <BuildableReference
            BuildableIdentifier = "primary"
            BlueprintIdentifier = "72CA399B18F437A9001401AB"
            BuildableName = "CountObjects"
            BlueprintName = "CountObjects"
            ReferencedContainer = "container:CountObjects.xcodeproj">
         </BuildableReference>
      </BuildableProductRunnable>
      <CommandLineArguments>
         <CommandLineArgument
            argument = "DSC02105.JPG"
            isEnabled = "NO">
         </CommandLineArgument>
         <CommandLineArgument
            argument = "DSC02138.png"
            isEnabled = "YES">
         </CommandLineArgument>
         <CommandLineArgument
            argument = "DSC02139.png"
            isEnabled = "NO">
         </CommandLineArgument>
         <CommandLineArgument
            argument = "DSC02140.png"
            isEnabled = "NO">
         </CommandLineArgument>
         <CommandLineArgument
            argument = "DSC02141.png"
            isEnabled = "NO">
         </CommandLineArgument>
         <CommandLineArgument
            argument = "DSC02142.png"
            isEnabled = "NO">
         </CommandLineArgument>
         <CommandLineArgument
            argument = "DSC02143.png"
            isEnabled = "NO">
         </CommandLineArgument>
         <CommandLineArgument
            argument = "DSC02144.png"
            isEnabled = "NO">
         </CommandLineArgument>
         <CommandLineArgument
            argument = "DSC02145.png"
            isEnabled = "NO">
         </CommandLineArgument>
         <CommandLineArgument
            argument = "DSC02146.png"
            isEnabled = "NO">
         </CommandLineArgument>
         <CommandLineArgument
            argument = "DSC02162.png"
            isEnabled = "NO">
         </CommandLineArgument>
         <CommandLineArgument
            argument = "DSC02148.png"
            isEnabled = "NO">
         </CommandLineArgument>
         <CommandLineArgument
            argument = "DSC02169.JPG"
            isEnabled = "NO">
         </CommandLineArgument>
         <CommandLineArgument
            argument = "DSC02170.JPG"
            isEnabled = "NO">
         </CommandLineArgument>
         <CommandLineArgument
            argument = "DSC02171.JPG"
            isEnabled = "NO">
         </CommandLineArgument>
         <CommandLineArgument
            argument = "DSC02172.JPG"
            isEnabled = "NO">
         </CommandLineArgument>
         <CommandLineArgument
            argument = "DSC02173.JPG"
            isEnabled = "NO">
         </CommandLineArgument>
         <CommandLineArgument
            argument = "DSC02174.JPG"
            isEnabled = "NO">
         </CommandLineArgument>
         <CommandLineArgument
            argument = "DSC02175.JPG"
            isEnabled = "NO">
         </CommandLineArgument>
         <CommandLineArgument
            argument = "DSC02176.JPG"
            isEnabled = "NO">
         </CommandLineArgument>
         <CommandLineArgument
            argument = "DSC02177.JPG"
            isEnabled = "NO">
         </CommandLineArgument>
         <CommandLineArgument
            argument = "DSC02178.JPG"
            isEnabled = "NO">
         </CommandLineArgument>
         <CommandLineArgument
            argument = "DSC02180.JPG"
            isEnabled = "NO">
         </CommandLineArgument>
         <CommandLineArgument
            argument = "outputYCrCb"
            isEnabled = "YES">
         </CommandLineArgument>
         <CommandLineArgument
            argument = "false"
            isEnabled = "YES">
         </CommandLineArgument>
         <CommandLineArgument
            argument = "30"
            isEnabled = "YES">
         </CommandLineArgument>
      </CommandLineArguments>
      <EnvironmentVariables>
         <EnvironmentVariable
            key = "DYLD_LIBRARY_PATH"
            value = "/usr/local/packages/boost_1_53_0/lib"
            isEnabled = "YES">
         </EnvironmentVariable>
      </EnvironmentVariables>
      <AdditionalOptions>
      </AdditionalOptions>
   </LaunchAction>
   <ProfileAction
      shouldUseLaunchSchemeArgsEnv = "YES"
      savedToolIdentifier = ""
      useCustomWorkingDirectory = "NO"
      buildConfiguration = "Release"
      debugDocumentVersioning = "YES">
      <BuildableProductRunnable>
         <BuildableReference
            BuildableIdentifier = "primary"
            BlueprintIdentifier = "72CA399B18F437A9001401AB"
            BuildableName = "CountObjects"
            BlueprintName = "CountObjects"
            ReferencedContainer = "container:CountObjects.xcodeproj">
         </BuildableReference>
      </BuildableProductRunnable>
   </ProfileAction>
   <AnalyzeAction
      buildConfiguration = "Debug">
   </AnalyzeAction>
   <ArchiveAction
      buildConfiguration = "Release"
      revealArchiveInOrganizer = "YES">
   </ArchiveAction>
</Scheme>
